
Microsoft Visual Studio Solution File, Format Version 12.00
# Visual Studio Version 17
VisualStudioVersion = 17.8.34525.116
MinimumVisualStudioVersion = 10.0.40219.1
Project("{FAE04EC0-301F-11D3-BF4B-00C04F79EFBC}") = "Day4", "Day4\Day4.csproj", "{FAAC4001-4902-4F64-A9A0-237C3A4F9A8D}"
EndProject
Global
	GlobalSection(SolutionConfigurationPlatforms) = preSolution
		Debug|Any CPU = Debug|Any CPU
		Release|Any CPU = Release|Any CPU
	EndGlobalSection
	GlobalSection(ProjectConfigurationPlatforms) = postSolution
		{FAAC4001-4902-4F64-A9A0-237C3A4F9A8D}.Debug|Any CPU.ActiveCfg = Debug|Any CPU
		{FAAC4001-4902-4F64-A9A0-237C3A4F9A8D}.Debug|Any CPU.Build.0 = Debug|Any CPU
		{FAAC4001-4902-4F64-A9A0-237C3A4F9A8D}.Release|Any CPU.ActiveCfg = Release|Any CPU
		{FAAC4001-4902-4F64-A9A0-237C3A4F9A8D}.Release|Any CPU.Build.0 = Release|Any CPU
	EndGlobalSection
	GlobalSection(SolutionProperties) = preSolution
		HideSolutionNode = FALSE
	EndGlobalSection
	GlobalSection(ExtensibilityGlobals) = postSolution
		SolutionGuid = {119EE46D-1500-4E7E-A7B3-72FD7E094549}
	EndGlobalSection
EndGlobal
